
Microsoft Visual Studio Solution File, Format Version 12.00
# Visual Studio Version 16
VisualStudioVersion = 16.0.30907.101
MinimumVisualStudioVersion = 10.0.40219.1
Project("{FAE04EC0-301F-11D3-BF4B-00C04F79EFBC}") = "EnumExample", "EnumExample\EnumExample.csproj", "{FCDA0EEF-F75F-4E59-9A46-4408817CCF4C}"
EndProject
Global
	GlobalSection(SolutionConfigurationPlatforms) = preSolution
		Debug|Any CPU = Debug|Any CPU
		Release|Any CPU = Release|Any CPU
	EndGlobalSection
	GlobalSection(ProjectConfigurationPlatforms) = postSolution
		{FCDA0EEF-F75F-4E59-9A46-4408817CCF4C}.Debug|Any CPU.ActiveCfg = Debug|Any CPU
		{FCDA0EEF-F75F-4E59-9A46-4408817CCF4C}.Debug|Any CPU.Build.0 = Debug|Any CPU
		{FCDA0EEF-F75F-4E59-9A46-4408817CCF4C}.Release|Any CPU.ActiveCfg = Release|Any CPU
		{FCDA0EEF-F75F-4E59-9A46-4408817CCF4C}.Release|Any CPU.Build.0 = Release|Any CPU
	EndGlobalSection
	GlobalSection(SolutionProperties) = preSolution
		HideSolutionNode = FALSE
	EndGlobalSection
	GlobalSection(ExtensibilityGlobals) = postSolution
		SolutionGuid = {FBAB3DD2-9999-4DCA-BEC3-50B5244E1547}
	EndGlobalSection
EndGlobal
